
Microsoft Visual Studio Solution File, Format Version 12.00
# Visual Studio Version 17
VisualStudioVersion = 17.1.32210.238
MinimumVisualStudioVersion = 10.0.40219.1
Project("{FAE04EC0-301F-11D3-BF4B-00C04F79EFBC}") = "WinFormsApp1", "WinFormsApp1\WinFormsApp1.csproj", "{CD236944-0CA5-487F-ADDA-6BD5B35A8213}"
EndProject
Global
	GlobalSection(SolutionConfigurationPlatforms) = preSolution
		Debug|Any CPU = Debug|Any CPU
		Release|Any CPU = Release|Any CPU
	EndGlobalSection
	GlobalSection(ProjectConfigurationPlatforms) = postSolution
		{CD236944-0CA5-487F-ADDA-6BD5B35A8213}.Debug|Any CPU.ActiveCfg = Debug|Any CPU
		{CD236944-0CA5-487F-ADDA-6BD5B35A8213}.Debug|Any CPU.Build.0 = Debug|Any CPU
		{CD236944-0CA5-487F-ADDA-6BD5B35A8213}.Release|Any CPU.ActiveCfg = Release|Any CPU
		{CD236944-0CA5-487F-ADDA-6BD5B35A8213}.Release|Any CPU.Build.0 = Release|Any CPU
	EndGlobalSection
	GlobalSection(SolutionProperties) = preSolution
		HideSolutionNode = FALSE
	EndGlobalSection
	GlobalSection(ExtensibilityGlobals) = postSolution
		SolutionGuid = {3938F23D-7BB3-4A64-A75D-90C92A3B5C5C}
	EndGlobalSection
EndGlobal
